
Microsoft Visual Studio Solution File, Format Version 12.00
# Visual Studio Version 17
VisualStudioVersion = 17.9.34728.123
MinimumVisualStudioVersion = 10.0.40219.1
Project("{9A19103F-16F7-4668-BE54-9A1E7A4F7556}") = "LeindaSaid_Linq_C#_Assinment1", "LeindaSaid_Linq_C#_Assinment1\LeindaSaid_Linq_C#_Assinment1.csproj", "{79A743CF-0EE3-43B3-83D2-89EB0DEA8570}"
EndProject
Global
	GlobalSection(SolutionConfigurationPlatforms) = preSolution
		Debug|Any CPU = Debug|Any CPU
		Release|Any CPU = Release|Any CPU
	EndGlobalSection
	GlobalSection(ProjectConfigurationPlatforms) = postSolution
		{79A743CF-0EE3-43B3-83D2-89EB0DEA8570}.Debug|Any CPU.ActiveCfg = Debug|Any CPU
		{79A743CF-0EE3-43B3-83D2-89EB0DEA8570}.Debug|Any CPU.Build.0 = Debug|Any CPU
		{79A743CF-0EE3-43B3-83D2-89EB0DEA8570}.Release|Any CPU.ActiveCfg = Release|Any CPU
		{79A743CF-0EE3-43B3-83D2-89EB0DEA8570}.Release|Any CPU.Build.0 = Release|Any CPU
	EndGlobalSection
	GlobalSection(SolutionProperties) = preSolution
		HideSolutionNode = FALSE
	EndGlobalSection
	GlobalSection(ExtensibilityGlobals) = postSolution
		SolutionGuid = {35D79C88-87EC-4B08-B389-18CC5B901BF1}
	EndGlobalSection
EndGlobal
